
Microsoft Visual Studio Solution File, Format Version 12.00
# Visual Studio Version 16
VisualStudioVersion = 16.0.29001.49
MinimumVisualStudioVersion = 10.0.40219.1
Project("{9A19103F-16F7-4668-BE54-9A1E7A4F7556}") = "HotelManagement.Web.API", "HotelManagement.Web.API\HotelManagement.Web.API.csproj", "{DEC2B207-4FC6-4712-A91C-452ACDFF8A09}"
EndProject
Project("{9A19103F-16F7-4668-BE54-9A1E7A4F7556}") = "HotelManagement.Web.UI", "HotelManagement.Web.UI\HotelManagement.Web.UI.csproj", "{E66F8764-775D-4E17-A3B8-81261B58D8D3}"
EndProject
Project("{9A19103F-16F7-4668-BE54-9A1E7A4F7556}") = "HotelManagement.Entities", "HotelManagement.Entities\HotelManagement.Entities.csproj", "{F9E45A1F-3474-4044-B685-D9A650D1DF0D}"
EndProject
Project("{FAE04EC0-301F-11D3-BF4B-00C04F79EFBC}") = "HotelManagement.Repository", "HotelManagement.Repository\HotelManagement.Repository.csproj", "{8C61A880-4F0D-4B31-B289-01E9FA9D821F}"
EndProject
Project("{FAE04EC0-301F-11D3-BF4B-00C04F79EFBC}") = "HotelManagement.Services", "HotelManagement.Services\HotelManagement.Services.csproj", "{C57151DE-D022-479C-8817-9692669C5496}"
EndProject
Global
	GlobalSection(SolutionConfigurationPlatforms) = preSolution
		Debug|Any CPU = Debug|Any CPU
		Release|Any CPU = Release|Any CPU
	EndGlobalSection
	GlobalSection(ProjectConfigurationPlatforms) = postSolution
		{DEC2B207-4FC6-4712-A91C-452ACDFF8A09}.Debug|Any CPU.ActiveCfg = Debug|Any CPU
		{DEC2B207-4FC6-4712-A91C-452ACDFF8A09}.Debug|Any CPU.Build.0 = Debug|Any CPU
		{DEC2B207-4FC6-4712-A91C-452ACDFF8A09}.Release|Any CPU.ActiveCfg = Release|Any CPU
		{DEC2B207-4FC6-4712-A91C-452ACDFF8A09}.Release|Any CPU.Build.0 = Release|Any CPU
		{E66F8764-775D-4E17-A3B8-81261B58D8D3}.Debug|Any CPU.ActiveCfg = Debug|Any CPU
		{E66F8764-775D-4E17-A3B8-81261B58D8D3}.Debug|Any CPU.Build.0 = Debug|Any CPU
		{E66F8764-775D-4E17-A3B8-81261B58D8D3}.Release|Any CPU.ActiveCfg = Release|Any CPU
		{E66F8764-775D-4E17-A3B8-81261B58D8D3}.Release|Any CPU.Build.0 = Release|Any CPU
		{F9E45A1F-3474-4044-B685-D9A650D1DF0D}.Debug|Any CPU.ActiveCfg = Debug|Any CPU
		{F9E45A1F-3474-4044-B685-D9A650D1DF0D}.Debug|Any CPU.Build.0 = Debug|Any CPU
		{F9E45A1F-3474-4044-B685-D9A650D1DF0D}.Release|Any CPU.ActiveCfg = Release|Any CPU
		{F9E45A1F-3474-4044-B685-D9A650D1DF0D}.Release|Any CPU.Build.0 = Release|Any CPU
		{8C61A880-4F0D-4B31-B289-01E9FA9D821F}.Debug|Any CPU.ActiveCfg = Debug|Any CPU
		{8C61A880-4F0D-4B31-B289-01E9FA9D821F}.Debug|Any CPU.Build.0 = Debug|Any CPU
		{8C61A880-4F0D-4B31-B289-01E9FA9D821F}.Release|Any CPU.ActiveCfg = Release|Any CPU
		{8C61A880-4F0D-4B31-B289-01E9FA9D821F}.Release|Any CPU.Build.0 = Release|Any CPU
		{C57151DE-D022-479C-8817-9692669C5496}.Debug|Any CPU.ActiveCfg = Debug|Any CPU
		{C57151DE-D022-479C-8817-9692669C5496}.Debug|Any CPU.Build.0 = Debug|Any CPU
		{C57151DE-D022-479C-8817-9692669C5496}.Release|Any CPU.ActiveCfg = Release|Any CPU
		{C57151DE-D022-479C-8817-9692669C5496}.Release|Any CPU.Build.0 = Release|Any CPU
	EndGlobalSection
	GlobalSection(SolutionProperties) = preSolution
		HideSolutionNode = FALSE
	EndGlobalSection
	GlobalSection(ExtensibilityGlobals) = postSolution
		SolutionGuid = {BA4546B0-97E8-401E-B98B-369D9553CF58}
	EndGlobalSection
EndGlobal
